
Microsoft Visual Studio Solution File, Format Version 12.00
# Visual Studio Version 17
VisualStudioVersion = 17.11.35312.102
MinimumVisualStudioVersion = 10.0.40219.1
Project("{FAE04EC0-301F-11D3-BF4B-00C04F79EFBC}") = "24.2Taller3DSemana1", "24.2Taller3DSemana1.csproj", "{31320279-2730-4E78-A52C-03359229D676}"
EndProject
Global
	GlobalSection(SolutionConfigurationPlatforms) = preSolution
		Debug|Any CPU = Debug|Any CPU
		Release|Any CPU = Release|Any CPU
	EndGlobalSection
	GlobalSection(ProjectConfigurationPlatforms) = postSolution
		{31320279-2730-4E78-A52C-03359229D676}.Debug|Any CPU.ActiveCfg = Debug|Any CPU
		{31320279-2730-4E78-A52C-03359229D676}.Debug|Any CPU.Build.0 = Debug|Any CPU
		{31320279-2730-4E78-A52C-03359229D676}.Release|Any CPU.ActiveCfg = Release|Any CPU
		{31320279-2730-4E78-A52C-03359229D676}.Release|Any CPU.Build.0 = Release|Any CPU
	EndGlobalSection
	GlobalSection(SolutionProperties) = preSolution
		HideSolutionNode = FALSE
	EndGlobalSection
	GlobalSection(ExtensibilityGlobals) = postSolution
		SolutionGuid = {9C81EB06-C26C-498C-8DB7-14560DC05AB3}
	EndGlobalSection
EndGlobal
